// !$*UTF8*$!
{
	archiveVersion = 1;
	classes = {
	};
	objectVersion = 50;
	objects = {

/* Begin PBXBuildFile section */
		0E38BA6122B4159B00D947D1 /* AppDelegate.swift in Sources */ = {isa = PBXBuildFile; fileRef = 0E38BA6022B4159B00D947D1 /* AppDelegate.swift */; };
		0E38BA6322B4159B00D947D1 /* CompaniesController.swift in Sources */ = {isa = PBXBuildFile; fileRef = 0E38BA6222B4159B00D947D1 /* CompaniesController.swift */; };
		0E38BA6622B4159B00D947D1 /* Main.storyboard in Resources */ = {isa = PBXBuildFile; fileRef = 0E38BA6422B4159B00D947D1 /* Main.storyboard */; };
		0E38BA6822B4159C00D947D1 /* Assets.xcassets in Resources */ = {isa = PBXBuildFile; fileRef = 0E38BA6722B4159C00D947D1 /* Assets.xcassets */; };
		0E38BA6B22B4159C00D947D1 /* LaunchScreen.storyboard in Resources */ = {isa = PBXBuildFile; fileRef = 0E38BA6922B4159C00D947D1 /* LaunchScreen.storyboard */; };
		0E38BA7322B4223600D947D1 /* CompanyCell.swift in Sources */ = {isa = PBXBuildFile; fileRef = 0E38BA7222B4223600D947D1 /* CompanyCell.swift */; };
		0E38BA7622B4234700D947D1 /* Extensions.swift in Sources */ = {isa = PBXBuildFile; fileRef = 0E38BA7522B4234700D947D1 /* Extensions.swift */; };
		0E38BA7F22B4275F00D947D1 /* UIView+Layout.swift in Sources */ = {isa = PBXBuildFile; fileRef = 0E38BA7B22B4275F00D947D1 /* UIView+Layout.swift */; };
		0E38BA8422B42CA500D947D1 /* Company.swift in Sources */ = {isa = PBXBuildFile; fileRef = 0E38BA8322B42CA500D947D1 /* Company.swift */; };
		0E38BA8822B42F5900D947D1 /* CreateController.swift in Sources */ = {isa = PBXBuildFile; fileRef = 0E38BA8722B42F5900D947D1 /* CreateController.swift */; };
		0E38BA9E22B57FB300D947D1 /* CoreDataDemo.xcdatamodeld in Sources */ = {isa = PBXBuildFile; fileRef = 0E38BA9C22B57FB300D947D1 /* CoreDataDemo.xcdatamodeld */; };
		0E38BAA122B58FEF00D947D1 /* CoreDataManager.swift in Sources */ = {isa = PBXBuildFile; fileRef = 0E38BAA022B58FEF00D947D1 /* CoreDataManager.swift */; };
/* End PBXBuildFile section */

/* Begin PBXFileReference section */
		0E38BA5D22B4159B00D947D1 /* CoreDataDemo.app */ = {isa = PBXFileReference; explicitFileType = wrapper.application; includeInIndex = 0; path = CoreDataDemo.app; sourceTree = BUILT_PRODUCTS_DIR; };
		0E38BA6022B4159B00D947D1 /* AppDelegate.swift */ = {isa = PBXFileReference; lastKnownFileType = sourcecode.swift; path = AppDelegate.swift; sourceTree = "<group>"; };
		0E38BA6222B4159B00D947D1 /* CompaniesController.swift */ = {isa = PBXFileReference; lastKnownFileType = sourcecode.swift; path = CompaniesController.swift; sourceTree = "<group>"; };
		0E38BA6522B4159B00D947D1 /* Base */ = {isa = PBXFileReference; lastKnownFileType = file.storyboard; name = Base; path = Base.lproj/Main.storyboard; sourceTree = "<group>"; };
		0E38BA6722B4159C00D947D1 /* Assets.xcassets */ = {isa = PBXFileReference; lastKnownFileType = folder.assetcatalog; path = Assets.xcassets; sourceTree = "<group>"; };
		0E38BA6A22B4159C00D947D1 /* Base */ = {isa = PBXFileReference; lastKnownFileType = file.storyboard; name = Base; path = Base.lproj/LaunchScreen.storyboard; sourceTree = "<group>"; };
		0E38BA6C22B4159C00D947D1 /* Info.plist */ = {isa = PBXFileReference; lastKnownFileType = text.plist.xml; path = Info.plist; sourceTree = "<group>"; };
		0E38BA7222B4223600D947D1 /* CompanyCell.swift */ = {isa = PBXFileReference; lastKnownFileType = sourcecode.swift; path = CompanyCell.swift; sourceTree = "<group>"; };
		0E38BA7522B4234700D947D1 /* Extensions.swift */ = {isa = PBXFileReference; lastKnownFileType = sourcecode.swift; path = Extensions.swift; sourceTree = "<group>"; };
		0E38BA7B22B4275F00D947D1 /* UIView+Layout.swift */ = {isa = PBXFileReference; fileEncoding = 4; lastKnownFileType = sourcecode.swift; path = "UIView+Layout.swift"; sourceTree = "<group>"; };
		0E38BA8322B42CA500D947D1 /* Company.swift */ = {isa = PBXFileReference; lastKnownFileType = sourcecode.swift; path = Company.swift; sourceTree = "<group>"; };
		0E38BA8722B42F5900D947D1 /* CreateController.swift */ = {isa = PBXFileReference; lastKnownFileType = sourcecode.swift; path = CreateController.swift; sourceTree = "<group>"; };
		0E38BA9D22B57FB300D947D1 /* CoreDataDemo.xcdatamodel */ = {isa = PBXFileReference; lastKnownFileType = wrapper.xcdatamodel; path = CoreDataDemo.xcdatamodel; sourceTree = "<group>"; };
		0E38BAA022B58FEF00D947D1 /* CoreDataManager.swift */ = {isa = PBXFileReference; lastKnownFileType = sourcecode.swift; path = CoreDataManager.swift; sourceTree = "<group>"; };
/* End PBXFileReference section */

/* Begin PBXFrameworksBuildPhase section */
		0E38BA5A22B4159B00D947D1 /* Frameworks */ = {
			isa = PBXFrameworksBuildPhase;
			buildActionMask = 2147483647;
			files = (
			);
			runOnlyForDeploymentPostprocessing = 0;
		};
/* End PBXFrameworksBuildPhase section */

/* Begin PBXGroup section */
		0E38BA5422B4159B00D947D1 = {
			isa = PBXGroup;
			children = (
				0E38BA5F22B4159B00D947D1 /* CoreDataDemo */,
				0E38BA5E22B4159B00D947D1 /* Products */,
			);
			sourceTree = "<group>";
		};
		0E38BA5E22B4159B00D947D1 /* Products */ = {
			isa = PBXGroup;
			children = (
				0E38BA5D22B4159B00D947D1 /* CoreDataDemo.app */,
			);
			name = Products;
			sourceTree = "<group>";
		};
		0E38BA5F22B4159B00D947D1 /* CoreDataDemo */ = {
			isa = PBXGroup;
			children = (
				0E38BA6022B4159B00D947D1 /* AppDelegate.swift */,
				0E38BA9F22B58FD800D947D1 /* CoreDataStack */,
				0E38BA8222B42C9C00D947D1 /* Models */,
				0E38BA7422B4233A00D947D1 /* Extensions */,
				0E38BA8522B42F1300D947D1 /* Controllers */,
				0E38BA8622B42F1F00D947D1 /* Views */,
				0E38BA6422B4159B00D947D1 /* Main.storyboard */,
				0E38BA6722B4159C00D947D1 /* Assets.xcassets */,
				0E38BA6922B4159C00D947D1 /* LaunchScreen.storyboard */,
				0E38BA6C22B4159C00D947D1 /* Info.plist */,
			);
			path = CoreDataDemo;
			sourceTree = "<group>";
		};
		0E38BA7422B4233A00D947D1 /* Extensions */ = {
			isa = PBXGroup;
			children = (
				0E38BA7522B4234700D947D1 /* Extensions.swift */,
				0E38BA7B22B4275F00D947D1 /* UIView+Layout.swift */,
			);
			path = Extensions;
			sourceTree = "<group>";
		};
		0E38BA8222B42C9C00D947D1 /* Models */ = {
			isa = PBXGroup;
			children = (
				0E38BA8322B42CA500D947D1 /* Company.swift */,
			);
			path = Models;
			sourceTree = "<group>";
		};
		0E38BA8522B42F1300D947D1 /* Controllers */ = {
			isa = PBXGroup;
			children = (
				0E38BA6222B4159B00D947D1 /* CompaniesController.swift */,
				0E38BA8722B42F5900D947D1 /* CreateController.swift */,
			);
			path = Controllers;
			sourceTree = "<group>";
		};
		0E38BA8622B42F1F00D947D1 /* Views */ = {
			isa = PBXGroup;
			children = (
				0E38BA7222B4223600D947D1 /* CompanyCell.swift */,
			);
			path = Views;
			sourceTree = "<group>";
		};
		0E38BA9F22B58FD800D947D1 /* CoreDataStack */ = {
			isa = PBXGroup;
			children = (
				0E38BA9C22B57FB300D947D1 /* CoreDataDemo.xcdatamodeld */,
				0E38BAA022B58FEF00D947D1 /* CoreDataManager.swift */,
			);
			path = CoreDataStack;
			sourceTree = "<group>";
		};
/* End PBXGroup section */

/* Begin PBXNativeTarget section */
		0E38BA5C22B4159B00D947D1 /* CoreDataDemo */ = {
			isa = PBXNativeTarget;
			buildConfigurationList = 0E38BA6F22B4159C00D947D1 /* Build configuration list for PBXNativeTarget "CoreDataDemo" */;
			buildPhases = (
				0E38BA5922B4159B00D947D1 /* Sources */,
				0E38BA5A22B4159B00D947D1 /* Frameworks */,
				0E38BA5B22B4159B00D947D1 /* Resources */,
			);
			buildRules = (
			);
			dependencies = (
			);
			name = CoreDataDemo;
			productName = CoreDataDemo;
			productReference = 0E38BA5D22B4159B00D947D1 /* CoreDataDemo.app */;
			productType = "com.apple.product-type.application";
		};
/* End PBXNativeTarget section */

/* Begin PBXProject section */
		0E38BA5522B4159B00D947D1 /* Project object */ = {
			isa = PBXProject;
			attributes = {
				LastSwiftUpdateCheck = 1020;
				LastUpgradeCheck = 1020;
				ORGANIZATIONNAME = "Abdoulaye Diallo";
				TargetAttributes = {
					0E38BA5C22B4159B00D947D1 = {
						CreatedOnToolsVersion = 10.2;
					};
				};
			};
			buildConfigurationList = 0E38BA5822B4159B00D947D1 /* Build configuration list for PBXProject "CoreDataDemo" */;
			compatibilityVersion = "Xcode 9.3";
			developmentRegion = en;
			hasScannedForEncodings = 0;
			knownRegions = (
				en,
				Base,
			);
			mainGroup = 0E38BA5422B4159B00D947D1;
			productRefGroup = 0E38BA5E22B4159B00D947D1 /* Products */;
			projectDirPath = "";
			projectRoot = "";
			targets = (
				0E38BA5C22B4159B00D947D1 /* CoreDataDemo */,
			);
		};
/* End PBXProject section */

/* Begin PBXResourcesBuildPhase section */
		0E38BA5B22B4159B00D947D1 /* Resources */ = {
			isa = PBXResourcesBuildPhase;
			buildActionMask = 2147483647;
			files = (
				0E38BA6B22B4159C00D947D1 /* LaunchScreen.storyboard in Resources */,
				0E38BA6822B4159C00D947D1 /* Assets.xcassets in Resources */,
				0E38BA6622B4159B00D947D1 /* Main.storyboard in Resources */,
			);
			runOnlyForDeploymentPostprocessing = 0;
		};
/* End PBXResourcesBuildPhase section */

/* Begin PBXSourcesBuildPhase section */
		0E38BA5922B4159B00D947D1 /* Sources */ = {
			isa = PBXSourcesBuildPhase;
			buildActionMask = 2147483647;
			files = (
				0E38BA6322B4159B00D947D1 /* CompaniesController.swift in Sources */,
				0E38BA9E22B57FB300D947D1 /* CoreDataDemo.xcdatamodeld in Sources */,
				0E38BA7F22B4275F00D947D1 /* UIView+Layout.swift in Sources */,
				0E38BA7322B4223600D947D1 /* CompanyCell.swift in Sources */,
				0E38BA6122B4159B00D947D1 /* AppDelegate.swift in Sources */,
				0E38BA7622B4234700D947D1 /* Extensions.swift in Sources */,
				0E38BAA122B58FEF00D947D1 /* CoreDataManager.swift in Sources */,
				0E38BA8822B42F5900D947D1 /* CreateController.swift in Sources */,
				0E38BA8422B42CA500D947D1 /* Company.swift in Sources */,
			);
			runOnlyForDeploymentPostprocessing = 0;
		};
/* End PBXSourcesBuildPhase section */

/* Begin PBXVariantGroup section */
		0E38BA6422B4159B00D947D1 /* Main.storyboard */ = {
			isa = PBXVariantGroup;
			children = (
				0E38BA6522B4159B00D947D1 /* Base */,
			);
			name = Main.storyboard;
			sourceTree = "<group>";
		};
		0E38BA6922B4159C00D947D1 /* LaunchScreen.storyboard */ = {
			isa = PBXVariantGroup;
			children = (
				0E38BA6A22B4159C00D947D1 /* Base */,
			);
			name = LaunchScreen.storyboard;
			sourceTree = "<group>";
		};
/* End PBXVariantGroup section */

/* Begin XCBuildConfiguration section */
		0E38BA6D22B4159C00D947D1 /* Debug */ = {
			isa = XCBuildConfiguration;
			buildSettings = {
				ALWAYS_SEARCH_USER_PATHS = NO;
				CLANG_ANALYZER_NONNULL = YES;
				CLANG_ANALYZER_NUMBER_OBJECT_CONVERSION = YES_AGGRESSIVE;
				CLANG_CXX_LANGUAGE_STANDARD = "gnu++14";
				CLANG_CXX_LIBRARY = "libc++";
				CLANG_ENABLE_MODULES = YES;
				CLANG_ENABLE_OBJC_ARC = YES;
				CLANG_ENABLE_OBJC_WEAK = YES;
				CLANG_WARN_BLOCK_CAPTURE_AUTORELEASING = YES;
				CLANG_WARN_BOOL_CONVERSION = YES;
				CLANG_WARN_COMMA = YES;
				CLANG_WARN_CONSTANT_CONVERSION = YES;
				CLANG_WARN_DEPRECATED_OBJC_IMPLEMENTATIONS = YES;
				CLANG_WARN_DIRECT_OBJC_ISA_USAGE = YES_ERROR;
				CLANG_WARN_DOCUMENTATION_COMMENTS = YES;
				CLANG_WARN_EMPTY_BODY = YES;
				CLANG_WARN_ENUM_CONVERSION = YES;
				CLANG_WARN_INFINITE_RECURSION = YES;
				CLANG_WARN_INT_CONVERSION = YES;
				CLANG_WARN_NON_LITERAL_NULL_CONVERSION = YES;
				CLANG_WARN_OBJC_IMPLICIT_RETAIN_SELF = YES;
				CLANG_WARN_OBJC_LITERAL_CONVERSION = YES;
				CLANG_WARN_OBJC_ROOT_CLASS = YES_ERROR;
				CLANG_WARN_RANGE_LOOP_ANALYSIS = YES;
				CLANG_WARN_STRICT_PROTOTYPES = YES;
				CLANG_WARN_SUSPICIOUS_MOVE = YES;
				CLANG_WARN_UNGUARDED_AVAILABILITY = YES_AGGRESSIVE;
				CLANG_WARN_UNREACHABLE_CODE = YES;
				CLANG_WARN__DUPLICATE_METHOD_MATCH = YES;
				CODE_SIGN_IDENTITY = "iPhone Developer";
				COPY_PHASE_STRIP = NO;
				DEBUG_INFORMATION_FORMAT = dwarf;
				ENABLE_STRICT_OBJC_MSGSEND = YES;
				ENABLE_TESTABILITY = YES;
				GCC_C_LANGUAGE_STANDARD = gnu11;
				GCC_DYNAMIC_NO_PIC = NO;
				GCC_NO_COMMON_BLOCKS = YES;
				GCC_OPTIMIZATION_LEVEL = 0;
				GCC_PREPROCESSOR_DEFINITIONS = (
					"DEBUG=1",
					"$(inherited)",
				);
				GCC_WARN_64_TO_32_BIT_CONVERSION = YES;
				GCC_WARN_ABOUT_RETURN_TYPE = YES_ERROR;
				GCC_WARN_UNDECLARED_SELECTOR = YES;
				GCC_WARN_UNINITIALIZED_AUTOS = YES_AGGRESSIVE;
				GCC_WARN_UNUSED_FUNCTION = YES;
				GCC_WARN_UNUSED_VARIABLE = YES;
				IPHONEOS_DEPLOYMENT_TARGET = 12.2;
				MTL_ENABLE_DEBUG_INFO = INCLUDE_SOURCE;
				MTL_FAST_MATH = YES;
				ONLY_ACTIVE_ARCH = YES;
				SDKROOT = iphoneos;
				SWIFT_ACTIVE_COMPILATION_CONDITIONS = DEBUG;
				SWIFT_OPTIMIZATION_LEVEL = "-Onone";
			};
			name = Debug;
		};
		0E38BA6E22B4159C00D947D1 /* Release */ = {
			isa = XCBuildConfiguration;
			buildSettings = {
				ALWAYS_SEARCH_USER_PATHS = NO;
				CLANG_ANALYZER_NONNULL = YES;
				CLANG_ANALYZER_NUMBER_OBJECT_CONVERSION = YES_AGGRESSIVE;
				CLANG_CXX_LANGUAGE_STANDARD = "gnu++14";
				CLANG_CXX_LIBRARY = "libc++";
				CLANG_ENABLE_MODULES = YES;
				CLANG_ENABLE_OBJC_ARC = YES;
				CLANG_ENABLE_OBJC_WEAK = YES;
				CLANG_WARN_BLOCK_CAPTURE_AUTORELEASING = YES;
				CLANG_WARN_BOOL_CONVERSION = YES;
				CLANG_WARN_COMMA = YES;
				CLANG_WARN_CONSTANT_CONVERSION = YES;
				CLANG_WARN_DEPRECATED_OBJC_IMPLEMENTATIONS = YES;
				CLANG_WARN_DIRECT_OBJC_ISA_USAGE = YES_ERROR;
				CLANG_WARN_DOCUMENTATION_COMMENTS = YES;
				CLANG_WARN_EMPTY_BODY = YES;
				CLANG_WARN_ENUM_CONVERSION = YES;
				CLANG_WARN_INFINITE_RECURSION = YES;
				CLANG_WARN_INT_CONVERSION = YES;
				CLANG_WARN_NON_LITERAL_NULL_CONVERSION = YES;
				CLANG_WARN_OBJC_IMPLICIT_RETAIN_SELF = YES;
				CLANG_WARN_OBJC_LITERAL_CONVERSION = YES;
				CLANG_WARN_OBJC_ROOT_CLASS = YES_ERROR;
				CLANG_WARN_RANGE_LOOP_ANALYSIS = YES;
				CLANG_WARN_STRICT_PROTOTYPES = YES;
				CLANG_WARN_SUSPICIOUS_MOVE = YES;
				CLANG_WARN_UNGUARDED_AVAILABILITY = YES_AGGRESSIVE;
				CLANG_WARN_UNREACHABLE_CODE = YES;
				CLANG_WARN__DUPLICATE_METHOD_MATCH = YES;
				CODE_SIGN_IDENTITY = "iPhone Developer";
				COPY_PHASE_STRIP = NO;
				DEBUG_INFORMATION_FORMAT = "dwarf-with-dsym";
				ENABLE_NS_ASSERTIONS = NO;
				ENABLE_STRICT_OBJC_MSGSEND = YES;
				GCC_C_LANGUAGE_STANDARD = gnu11;
				GCC_NO_COMMON_BLOCKS = YES;
				GCC_WARN_64_TO_32_BIT_CONVERSION = YES;
				GCC_WARN_ABOUT_RETURN_TYPE = YES_ERROR;
				GCC_WARN_UNDECLARED_SELECTOR = YES;
				GCC_WARN_UNINITIALIZED_AUTOS = YES_AGGRESSIVE;
				GCC_WARN_UNUSED_FUNCTION = YES;
				GCC_WARN_UNUSED_VARIABLE = YES;
				IPHONEOS_DEPLOYMENT_TARGET = 12.2;
				MTL_ENABLE_DEBUG_INFO = NO;
				MTL_FAST_MATH = YES;
				SDKROOT = iphoneos;
				SWIFT_COMPILATION_MODE = wholemodule;
				SWIFT_OPTIMIZATION_LEVEL = "-O";
				VALIDATE_PRODUCT = YES;
			};
			name = Release;
		};
		0E38BA7022B4159C00D947D1 /* Debug */ = {
			isa = XCBuildConfiguration;
			buildSettings = {
				ASSETCATALOG_COMPILER_LAUNCHIMAGE_NAME = LaunchImage;
				CODE_SIGN_STYLE = Automatic;
				DEVELOPMENT_TEAM = 7XGX6TD7GL;
				INFOPLIST_FILE = CoreDataDemo/Info.plist;
				LD_RUNPATH_SEARCH_PATHS = (
					"$(inherited)",
					"@executable_path/Frameworks",
				);
				PRODUCT_BUNDLE_IDENTIFIER = com.224apps.CoreDataDemo;
				PRODUCT_NAME = "$(TARGET_NAME)";
				SWIFT_VERSION = 5.0;
				TARGETED_DEVICE_FAMILY = "1,2";
			};
			name = Debug;
		};
		0E38BA7122B4159C00D947D1 /* Release */ = {
			isa = XCBuildConfiguration;
			buildSettings = {
				ASSETCATALOG_COMPILER_LAUNCHIMAGE_NAME = LaunchImage;
				CODE_SIGN_STYLE = Automatic;
				DEVELOPMENT_TEAM = 7XGX6TD7GL;
				INFOPLIST_FILE = CoreDataDemo/Info.plist;
				LD_RUNPATH_SEARCH_PATHS = (
					"$(inherited)",
					"@executable_path/Frameworks",
				);
				PRODUCT_BUNDLE_IDENTIFIER = com.224apps.CoreDataDemo;
				PRODUCT_NAME = "$(TARGET_NAME)";
				SWIFT_VERSION = 5.0;
				TARGETED_DEVICE_FAMILY = "1,2";
			};
			name = Release;
		};
/* End XCBuildConfiguration section */

/* Begin XCConfigurationList section */
		0E38BA5822B4159B00D947D1 /* Build configuration list for PBXProject "CoreDataDemo" */ = {
			isa = XCConfigurationList;
			buildConfigurations = (
				0E38BA6D22B4159C00D947D1 /* Debug */,
				0E38BA6E22B4159C00D947D1 /* Release */,
			);
			defaultConfigurationIsVisible = 0;
			defaultConfigurationName = Release;
		};
		0E38BA6F22B4159C00D947D1 /* Build configuration list for PBXNativeTarget "CoreDataDemo" */ = {
			isa = XCConfigurationList;
			buildConfigurations = (
				0E38BA7022B4159C00D947D1 /* Debug */,
				0E38BA7122B4159C00D947D1 /* Release */,
			);
			defaultConfigurationIsVisible = 0;
			defaultConfigurationName = Release;
		};
/* End XCConfigurationList section */

/* Begin XCVersionGroup section */
		0E38BA9C22B57FB300D947D1 /* CoreDataDemo.xcdatamodeld */ = {
			isa = XCVersionGroup;
			children = (
				0E38BA9D22B57FB300D947D1 /* CoreDataDemo.xcdatamodel */,
			);
			currentVersion = 0E38BA9D22B57FB300D947D1 /* CoreDataDemo.xcdatamodel */;
			path = CoreDataDemo.xcdatamodeld;
			sourceTree = "<group>";
			versionGroupType = wrapper.xcdatamodel;
		};
/* End XCVersionGroup section */
	};
	rootObject = 0E38BA5522B4159B00D947D1 /* Project object */;
}
